// !$*UTF8*$!
{
	archiveVersion = 1;
	classes = {
	};
	objectVersion = 50;
	objects = {

/* Begin PBXBuildFile section */
		7B3C292726DBDDD50065971E /* SwiftUI_MVVM_CombineApp.swift in Sources */ = {isa = PBXBuildFile; fileRef = 7B3C292626DBDDD50065971E /* SwiftUI_MVVM_CombineApp.swift */; };
		7B3C292926DBDDD50065971E /* ContentView.swift in Sources */ = {isa = PBXBuildFile; fileRef = 7B3C292826DBDDD50065971E /* ContentView.swift */; };
		7B3C292B26DBDDD80065971E /* Assets.xcassets in Resources */ = {isa = PBXBuildFile; fileRef = 7B3C292A26DBDDD80065971E /* Assets.xcassets */; };
		7B3C292E26DBDDD80065971E /* Preview Assets.xcassets in Resources */ = {isa = PBXBuildFile; fileRef = 7B3C292D26DBDDD80065971E /* Preview Assets.xcassets */; };
		7B3C293926DBDDD80065971E /* SwiftUI_MVVM_CombineTests.swift in Sources */ = {isa = PBXBuildFile; fileRef = 7B3C293826DBDDD80065971E /* SwiftUI_MVVM_CombineTests.swift */; };
		7B3C294426DBDDD80065971E /* SwiftUI_MVVM_CombineUITests.swift in Sources */ = {isa = PBXBuildFile; fileRef = 7B3C294326DBDDD80065971E /* SwiftUI_MVVM_CombineUITests.swift */; };
/* End PBXBuildFile section */

/* Begin PBXContainerItemProxy section */
		7B3C293526DBDDD80065971E /* PBXContainerItemProxy */ = {
			isa = PBXContainerItemProxy;
			containerPortal = 7B3C291B26DBDDD50065971E /* Project object */;
			proxyType = 1;
			remoteGlobalIDString = 7B3C292226DBDDD50065971E;
			remoteInfo = "SwiftUI-MVVM-Combine";
		};
		7B3C294026DBDDD80065971E /* PBXContainerItemProxy */ = {
			isa = PBXContainerItemProxy;
			containerPortal = 7B3C291B26DBDDD50065971E /* Project object */;
			proxyType = 1;
			remoteGlobalIDString = 7B3C292226DBDDD50065971E;
			remoteInfo = "SwiftUI-MVVM-Combine";
		};
/* End PBXContainerItemProxy section */

/* Begin PBXFileReference section */
		7B3C292326DBDDD50065971E /* SwiftUI-MVVM-Combine.app */ = {isa = PBXFileReference; explicitFileType = wrapper.application; includeInIndex = 0; path = "SwiftUI-MVVM-Combine.app"; sourceTree = BUILT_PRODUCTS_DIR; };
		7B3C292626DBDDD50065971E /* SwiftUI_MVVM_CombineApp.swift */ = {isa = PBXFileReference; lastKnownFileType = sourcecode.swift; path = SwiftUI_MVVM_CombineApp.swift; sourceTree = "<group>"; };
		7B3C292826DBDDD50065971E /* ContentView.swift */ = {isa = PBXFileReference; lastKnownFileType = sourcecode.swift; path = ContentView.swift; sourceTree = "<group>"; };
		7B3C292A26DBDDD80065971E /* Assets.xcassets */ = {isa = PBXFileReference; lastKnownFileType = folder.assetcatalog; path = Assets.xcassets; sourceTree = "<group>"; };
		7B3C292D26DBDDD80065971E /* Preview Assets.xcassets */ = {isa = PBXFileReference; lastKnownFileType = folder.assetcatalog; path = "Preview Assets.xcassets"; sourceTree = "<group>"; };
		7B3C292F26DBDDD80065971E /* Info.plist */ = {isa = PBXFileReference; lastKnownFileType = text.plist.xml; path = Info.plist; sourceTree = "<group>"; };
		7B3C293426DBDDD80065971E /* SwiftUI-MVVM-CombineTests.xctest */ = {isa = PBXFileReference; explicitFileType = wrapper.cfbundle; includeInIndex = 0; path = "SwiftUI-MVVM-CombineTests.xctest"; sourceTree = BUILT_PRODUCTS_DIR; };
		7B3C293826DBDDD80065971E /* SwiftUI_MVVM_CombineTests.swift */ = {isa = PBXFileReference; lastKnownFileType = sourcecode.swift; path = SwiftUI_MVVM_CombineTests.swift; sourceTree = "<group>"; };
		7B3C293A26DBDDD80065971E /* Info.plist */ = {isa = PBXFileReference; lastKnownFileType = text.plist.xml; path = Info.plist; sourceTree = "<group>"; };
		7B3C293F26DBDDD80065971E /* SwiftUI-MVVM-CombineUITests.xctest */ = {isa = PBXFileReference; explicitFileType = wrapper.cfbundle; includeInIndex = 0; path = "SwiftUI-MVVM-CombineUITests.xctest"; sourceTree = BUILT_PRODUCTS_DIR; };
		7B3C294326DBDDD80065971E /* SwiftUI_MVVM_CombineUITests.swift */ = {isa = PBXFileReference; lastKnownFileType = sourcecode.swift; path = SwiftUI_MVVM_CombineUITests.swift; sourceTree = "<group>"; };
		7B3C294526DBDDD80065971E /* Info.plist */ = {isa = PBXFileReference; lastKnownFileType = text.plist.xml; path = Info.plist; sourceTree = "<group>"; };
/* End PBXFileReference section */

/* Begin PBXFrameworksBuildPhase section */
		7B3C292026DBDDD50065971E /* Frameworks */ = {
			isa = PBXFrameworksBuildPhase;
			buildActionMask = 2147483647;
			files = (
			);
			runOnlyForDeploymentPostprocessing = 0;
		};
		7B3C293126DBDDD80065971E /* Frameworks */ = {
			isa = PBXFrameworksBuildPhase;
			buildActionMask = 2147483647;
			files = (
			);
			runOnlyForDeploymentPostprocessing = 0;
		};
		7B3C293C26DBDDD80065971E /* Frameworks */ = {
			isa = PBXFrameworksBuildPhase;
			buildActionMask = 2147483647;
			files = (
			);
			runOnlyForDeploymentPostprocessing = 0;
		};
/* End PBXFrameworksBuildPhase section */

/* Begin PBXGroup section */
		7B3C291A26DBDDD50065971E = {
			isa = PBXGroup;
			children = (
				7B3C292526DBDDD50065971E /* SwiftUI-MVVM-Combine */,
				7B3C293726DBDDD80065971E /* SwiftUI-MVVM-CombineTests */,
				7B3C294226DBDDD80065971E /* SwiftUI-MVVM-CombineUITests */,
				7B3C292426DBDDD50065971E /* Products */,
			);
			sourceTree = "<group>";
		};
		7B3C292426DBDDD50065971E /* Products */ = {
			isa = PBXGroup;
			children = (
				7B3C292326DBDDD50065971E /* SwiftUI-MVVM-Combine.app */,
				7B3C293426DBDDD80065971E /* SwiftUI-MVVM-CombineTests.xctest */,
				7B3C293F26DBDDD80065971E /* SwiftUI-MVVM-CombineUITests.xctest */,
			);
			name = Products;
			sourceTree = "<group>";
		};
		7B3C292526DBDDD50065971E /* SwiftUI-MVVM-Combine */ = {
			isa = PBXGroup;
			children = (
				7B3C292626DBDDD50065971E /* SwiftUI_MVVM_CombineApp.swift */,
				7B3C292826DBDDD50065971E /* ContentView.swift */,
				7B3C292A26DBDDD80065971E /* Assets.xcassets */,
				7B3C292F26DBDDD80065971E /* Info.plist */,
				7B3C292C26DBDDD80065971E /* Preview Content */,
			);
			path = "SwiftUI-MVVM-Combine";
			sourceTree = "<group>";
		};
		7B3C292C26DBDDD80065971E /* Preview Content */ = {
			isa = PBXGroup;
			children = (
				7B3C292D26DBDDD80065971E /* Preview Assets.xcassets */,
			);
			path = "Preview Content";
			sourceTree = "<group>";
		};
		7B3C293726DBDDD80065971E /* SwiftUI-MVVM-CombineTests */ = {
			isa = PBXGroup;
			children = (
				7B3C293826DBDDD80065971E /* SwiftUI_MVVM_CombineTests.swift */,
				7B3C293A26DBDDD80065971E /* Info.plist */,
			);
			path = "SwiftUI-MVVM-CombineTests";
			sourceTree = "<group>";
		};
		7B3C294226DBDDD80065971E /* SwiftUI-MVVM-CombineUITests */ = {
			isa = PBXGroup;
			children = (
				7B3C294326DBDDD80065971E /* SwiftUI_MVVM_CombineUITests.swift */,
				7B3C294526DBDDD80065971E /* Info.plist */,
			);
			path = "SwiftUI-MVVM-CombineUITests";
			sourceTree = "<group>";
		};
/* End PBXGroup section */

/* Begin PBXNativeTarget section */
		7B3C292226DBDDD50065971E /* SwiftUI-MVVM-Combine */ = {
			isa = PBXNativeTarget;
			buildConfigurationList = 7B3C294826DBDDD80065971E /* Build configuration list for PBXNativeTarget "SwiftUI-MVVM-Combine" */;
			buildPhases = (
				7B3C291F26DBDDD50065971E /* Sources */,
				7B3C292026DBDDD50065971E /* Frameworks */,
				7B3C292126DBDDD50065971E /* Resources */,
			);
			buildRules = (
			);
			dependencies = (
			);
			name = "SwiftUI-MVVM-Combine";
			productName = "SwiftUI-MVVM-Combine";
			productReference = 7B3C292326DBDDD50065971E /* SwiftUI-MVVM-Combine.app */;
			productType = "com.apple.product-type.application";
		};
		7B3C293326DBDDD80065971E /* SwiftUI-MVVM-CombineTests */ = {
			isa = PBXNativeTarget;
			buildConfigurationList = 7B3C294B26DBDDD80065971E /* Build configuration list for PBXNativeTarget "SwiftUI-MVVM-CombineTests" */;
			buildPhases = (
				7B3C293026DBDDD80065971E /* Sources */,
				7B3C293126DBDDD80065971E /* Frameworks */,
				7B3C293226DBDDD80065971E /* Resources */,
			);
			buildRules = (
			);
			dependencies = (
				7B3C293626DBDDD80065971E /* PBXTargetDependency */,
			);
			name = "SwiftUI-MVVM-CombineTests";
			productName = "SwiftUI-MVVM-CombineTests";
			productReference = 7B3C293426DBDDD80065971E /* SwiftUI-MVVM-CombineTests.xctest */;
			productType = "com.apple.product-type.bundle.unit-test";
		};
		7B3C293E26DBDDD80065971E /* SwiftUI-MVVM-CombineUITests */ = {
			isa = PBXNativeTarget;
			buildConfigurationList = 7B3C294E26DBDDD80065971E /* Build configuration list for PBXNativeTarget "SwiftUI-MVVM-CombineUITests" */;
			buildPhases = (
				7B3C293B26DBDDD80065971E /* Sources */,
				7B3C293C26DBDDD80065971E /* Frameworks */,
				7B3C293D26DBDDD80065971E /* Resources */,
			);
			buildRules = (
			);
			dependencies = (
				7B3C294126DBDDD80065971E /* PBXTargetDependency */,
			);
			name = "SwiftUI-MVVM-CombineUITests";
			productName = "SwiftUI-MVVM-CombineUITests";
			productReference = 7B3C293F26DBDDD80065971E /* SwiftUI-MVVM-CombineUITests.xctest */;
			productType = "com.apple.product-type.bundle.ui-testing";
		};
/* End PBXNativeTarget section */

/* Begin PBXProject section */
		7B3C291B26DBDDD50065971E /* Project object */ = {
			isa = PBXProject;
			attributes = {
				LastSwiftUpdateCheck = 1250;
				LastUpgradeCheck = 1250;
				TargetAttributes = {
					7B3C292226DBDDD50065971E = {
						CreatedOnToolsVersion = 12.5.1;
					};
					7B3C293326DBDDD80065971E = {
						CreatedOnToolsVersion = 12.5.1;
						TestTargetID = 7B3C292226DBDDD50065971E;
					};
					7B3C293E26DBDDD80065971E = {
						CreatedOnToolsVersion = 12.5.1;
						TestTargetID = 7B3C292226DBDDD50065971E;
					};
				};
			};
			buildConfigurationList = 7B3C291E26DBDDD50065971E /* Build configuration list for PBXProject "SwiftUI-MVVM-Combine" */;
			compatibilityVersion = "Xcode 9.3";
			developmentRegion = en;
			hasScannedForEncodings = 0;
			knownRegions = (
				en,
				Base,
			);
			mainGroup = 7B3C291A26DBDDD50065971E;
			productRefGroup = 7B3C292426DBDDD50065971E /* Products */;
			projectDirPath = "";
			projectRoot = "";
			targets = (
				7B3C292226DBDDD50065971E /* SwiftUI-MVVM-Combine */,
				7B3C293326DBDDD80065971E /* SwiftUI-MVVM-CombineTests */,
				7B3C293E26DBDDD80065971E /* SwiftUI-MVVM-CombineUITests */,
			);
		};
/* End PBXProject section */

/* Begin PBXResourcesBuildPhase section */
		7B3C292126DBDDD50065971E /* Resources */ = {
			isa = PBXResourcesBuildPhase;
			buildActionMask = 2147483647;
			files = (
				7B3C292E26DBDDD80065971E /* Preview Assets.xcassets in Resources */,
				7B3C292B26DBDDD80065971E /* Assets.xcassets in Resources */,
			);
			runOnlyForDeploymentPostprocessing = 0;
		};
		7B3C293226DBDDD80065971E /* Resources */ = {
			isa = PBXResourcesBuildPhase;
			buildActionMask = 2147483647;
			files = (
			);
			runOnlyForDeploymentPostprocessing = 0;
		};
		7B3C293D26DBDDD80065971E /* Resources */ = {
			isa = PBXResourcesBuildPhase;
			buildActionMask = 2147483647;
			files = (
			);
			runOnlyForDeploymentPostprocessing = 0;
		};
/* End PBXResourcesBuildPhase section */

/* Begin PBXSourcesBuildPhase section */
		7B3C291F26DBDDD50065971E /* Sources */ = {
			isa = PBXSourcesBuildPhase;
			buildActionMask = 2147483647;
			files = (
				7B3C292926DBDDD50065971E /* ContentView.swift in Sources */,
				7B3C292726DBDDD50065971E /* SwiftUI_MVVM_CombineApp.swift in Sources */,
			);
			runOnlyForDeploymentPostprocessing = 0;
		};
		7B3C293026DBDDD80065971E /* Sources */ = {
			isa = PBXSourcesBuildPhase;
			buildActionMask = 2147483647;
			files = (
				7B3C293926DBDDD80065971E /* SwiftUI_MVVM_CombineTests.swift in Sources */,
			);
			runOnlyForDeploymentPostprocessing = 0;
		};
		7B3C293B26DBDDD80065971E /* Sources */ = {
			isa = PBXSourcesBuildPhase;
			buildActionMask = 2147483647;
			files = (
				7B3C294426DBDDD80065971E /* SwiftUI_MVVM_CombineUITests.swift in Sources */,
			);
			runOnlyForDeploymentPostprocessing = 0;
		};
/* End PBXSourcesBuildPhase section */

/* Begin PBXTargetDependency section */
		7B3C293626DBDDD80065971E /* PBXTargetDependency */ = {
			isa = PBXTargetDependency;
			target = 7B3C292226DBDDD50065971E /* SwiftUI-MVVM-Combine */;
			targetProxy = 7B3C293526DBDDD80065971E /* PBXContainerItemProxy */;
		};
		7B3C294126DBDDD80065971E /* PBXTargetDependency */ = {
			isa = PBXTargetDependency;
			target = 7B3C292226DBDDD50065971E /* SwiftUI-MVVM-Combine */;
			targetProxy = 7B3C294026DBDDD80065971E /* PBXContainerItemProxy */;
		};
/* End PBXTargetDependency section */

/* Begin XCBuildConfiguration section */
		7B3C294626DBDDD80065971E /* Debug */ = {
			isa = XCBuildConfiguration;
			buildSettings = {
				ALWAYS_SEARCH_USER_PATHS = NO;
				CLANG_ANALYZER_NONNULL = YES;
				CLANG_ANALYZER_NUMBER_OBJECT_CONVERSION = YES_AGGRESSIVE;
				CLANG_CXX_LANGUAGE_STANDARD = "gnu++14";
				CLANG_CXX_LIBRARY = "libc++";
				CLANG_ENABLE_MODULES = YES;
				CLANG_ENABLE_OBJC_ARC = YES;
				CLANG_ENABLE_OBJC_WEAK = YES;
				CLANG_WARN_BLOCK_CAPTURE_AUTORELEASING = YES;
				CLANG_WARN_BOOL_CONVERSION = YES;
				CLANG_WARN_COMMA = YES;
				CLANG_WARN_CONSTANT_CONVERSION = YES;
				CLANG_WARN_DEPRECATED_OBJC_IMPLEMENTATIONS = YES;
				CLANG_WARN_DIRECT_OBJC_ISA_USAGE = YES_ERROR;
				CLANG_WARN_DOCUMENTATION_COMMENTS = YES;
				CLANG_WARN_EMPTY_BODY = YES;
				CLANG_WARN_ENUM_CONVERSION = YES;
				CLANG_WARN_INFINITE_RECURSION = YES;
				CLANG_WARN_INT_CONVERSION = YES;
				CLANG_WARN_NON_LITERAL_NULL_CONVERSION = YES;
				CLANG_WARN_OBJC_IMPLICIT_RETAIN_SELF = YES;
				CLANG_WARN_OBJC_LITERAL_CONVERSION = YES;
				CLANG_WARN_OBJC_ROOT_CLASS = YES_ERROR;
				CLANG_WARN_QUOTED_INCLUDE_IN_FRAMEWORK_HEADER = YES;
				CLANG_WARN_RANGE_LOOP_ANALYSIS = YES;
				CLANG_WARN_STRICT_PROTOTYPES = YES;
				CLANG_WARN_SUSPICIOUS_MOVE = YES;
				CLANG_WARN_UNGUARDED_AVAILABILITY = YES_AGGRESSIVE;
				CLANG_WARN_UNREACHABLE_CODE = YES;
				CLANG_WARN__DUPLICATE_METHOD_MATCH = YES;
				COPY_PHASE_STRIP = NO;
				DEBUG_INFORMATION_FORMAT = dwarf;
				ENABLE_STRICT_OBJC_MSGSEND = YES;
				ENABLE_TESTABILITY = YES;
				GCC_C_LANGUAGE_STANDARD = gnu11;
				GCC_DYNAMIC_NO_PIC = NO;
				GCC_NO_COMMON_BLOCKS = YES;
				GCC_OPTIMIZATION_LEVEL = 0;
				GCC_PREPROCESSOR_DEFINITIONS = (
					"DEBUG=1",
					"$(inherited)",
				);
				GCC_WARN_64_TO_32_BIT_CONVERSION = YES;
				GCC_WARN_ABOUT_RETURN_TYPE = YES_ERROR;
				GCC_WARN_UNDECLARED_SELECTOR = YES;
				GCC_WARN_UNINITIALIZED_AUTOS = YES_AGGRESSIVE;
				GCC_WARN_UNUSED_FUNCTION = YES;
				GCC_WARN_UNUSED_VARIABLE = YES;
				IPHONEOS_DEPLOYMENT_TARGET = 14.5;
				MTL_ENABLE_DEBUG_INFO = INCLUDE_SOURCE;
				MTL_FAST_MATH = YES;
				ONLY_ACTIVE_ARCH = YES;
				SDKROOT = iphoneos;
				SWIFT_ACTIVE_COMPILATION_CONDITIONS = DEBUG;
				SWIFT_OPTIMIZATION_LEVEL = "-Onone";
			};
			name = Debug;
		};
		7B3C294726DBDDD80065971E /* Release */ = {
			isa = XCBuildConfiguration;
			buildSettings = {
				ALWAYS_SEARCH_USER_PATHS = NO;
				CLANG_ANALYZER_NONNULL = YES;
				CLANG_ANALYZER_NUMBER_OBJECT_CONVERSION = YES_AGGRESSIVE;
				CLANG_CXX_LANGUAGE_STANDARD = "gnu++14";
				CLANG_CXX_LIBRARY = "libc++";
				CLANG_ENABLE_MODULES = YES;
				CLANG_ENABLE_OBJC_ARC = YES;
				CLANG_ENABLE_OBJC_WEAK = YES;
				CLANG_WARN_BLOCK_CAPTURE_AUTORELEASING = YES;
				CLANG_WARN_BOOL_CONVERSION = YES;
				CLANG_WARN_COMMA = YES;
				CLANG_WARN_CONSTANT_CONVERSION = YES;
				CLANG_WARN_DEPRECATED_OBJC_IMPLEMENTATIONS = YES;
				CLANG_WARN_DIRECT_OBJC_ISA_USAGE = YES_ERROR;
				CLANG_WARN_DOCUMENTATION_COMMENTS = YES;
				CLANG_WARN_EMPTY_BODY = YES;
				CLANG_WARN_ENUM_CONVERSION = YES;
				CLANG_WARN_INFINITE_RECURSION = YES;
				CLANG_WARN_INT_CONVERSION = YES;
				CLANG_WARN_NON_LITERAL_NULL_CONVERSION = YES;
				CLANG_WARN_OBJC_IMPLICIT_RETAIN_SELF = YES;
				CLANG_WARN_OBJC_LITERAL_CONVERSION = YES;
				CLANG_WARN_OBJC_ROOT_CLASS = YES_ERROR;
				CLANG_WARN_QUOTED_INCLUDE_IN_FRAMEWORK_HEADER = YES;
				CLANG_WARN_RANGE_LOOP_ANALYSIS = YES;
				CLANG_WARN_STRICT_PROTOTYPES = YES;
				CLANG_WARN_SUSPICIOUS_MOVE = YES;
				CLANG_WARN_UNGUARDED_AVAILABILITY = YES_AGGRESSIVE;
				CLANG_WARN_UNREACHABLE_CODE = YES;
				CLANG_WARN__DUPLICATE_METHOD_MATCH = YES;
				COPY_PHASE_STRIP = NO;
				DEBUG_INFORMATION_FORMAT = "dwarf-with-dsym";
				ENABLE_NS_ASSERTIONS = NO;
				ENABLE_STRICT_OBJC_MSGSEND = YES;
				GCC_C_LANGUAGE_STANDARD = gnu11;
				GCC_NO_COMMON_BLOCKS = YES;
				GCC_WARN_64_TO_32_BIT_CONVERSION = YES;
				GCC_WARN_ABOUT_RETURN_TYPE = YES_ERROR;
				GCC_WARN_UNDECLARED_SELECTOR = YES;
				GCC_WARN_UNINITIALIZED_AUTOS = YES_AGGRESSIVE;
				GCC_WARN_UNUSED_FUNCTION = YES;
				GCC_WARN_UNUSED_VARIABLE = YES;
				IPHONEOS_DEPLOYMENT_TARGET = 14.5;
				MTL_ENABLE_DEBUG_INFO = NO;
				MTL_FAST_MATH = YES;
				SDKROOT = iphoneos;
				SWIFT_COMPILATION_MODE = wholemodule;
				SWIFT_OPTIMIZATION_LEVEL = "-O";
				VALIDATE_PRODUCT = YES;
			};
			name = Release;
		};
		7B3C294926DBDDD80065971E /* Debug */ = {
			isa = XCBuildConfiguration;
			buildSettings = {
				ASSETCATALOG_COMPILER_APPICON_NAME = AppIcon;
				ASSETCATALOG_COMPILER_GLOBAL_ACCENT_COLOR_NAME = AccentColor;
				CODE_SIGN_STYLE = Automatic;
				DEVELOPMENT_ASSET_PATHS = "\"SwiftUI-MVVM-Combine/Preview Content\"";
				DEVELOPMENT_TEAM = V7MFXMS9X3;
				ENABLE_PREVIEWS = YES;
				INFOPLIST_FILE = "SwiftUI-MVVM-Combine/Info.plist";
				IPHONEOS_DEPLOYMENT_TARGET = 14.0;
				LD_RUNPATH_SEARCH_PATHS = (
					"$(inherited)",
					"@executable_path/Frameworks",
				);
				PRODUCT_BUNDLE_IDENTIFIER = "com.tarkhan.SwiftUI-MVVM-Combine";
				PRODUCT_NAME = "$(TARGET_NAME)";
				SWIFT_VERSION = 5.0;
				TARGETED_DEVICE_FAMILY = "1,2";
			};
			name = Debug;
		};
		7B3C294A26DBDDD80065971E /* Release */ = {
			isa = XCBuildConfiguration;
			buildSettings = {
				ASSETCATALOG_COMPILER_APPICON_NAME = AppIcon;
				ASSETCATALOG_COMPILER_GLOBAL_ACCENT_COLOR_NAME = AccentColor;
				CODE_SIGN_STYLE = Automatic;
				DEVELOPMENT_ASSET_PATHS = "\"SwiftUI-MVVM-Combine/Preview Content\"";
				DEVELOPMENT_TEAM = V7MFXMS9X3;
				ENABLE_PREVIEWS = YES;
				INFOPLIST_FILE = "SwiftUI-MVVM-Combine/Info.plist";
				IPHONEOS_DEPLOYMENT_TARGET = 14.0;
				LD_RUNPATH_SEARCH_PATHS = (
					"$(inherited)",
					"@executable_path/Frameworks",
				);
				PRODUCT_BUNDLE_IDENTIFIER = "com.tarkhan.SwiftUI-MVVM-Combine";
				PRODUCT_NAME = "$(TARGET_NAME)";
				SWIFT_VERSION = 5.0;
				TARGETED_DEVICE_FAMILY = "1,2";
			};
			name = Release;
		};
		7B3C294C26DBDDD80065971E /* Debug */ = {
			isa = XCBuildConfiguration;
			buildSettings = {
				ALWAYS_EMBED_SWIFT_STANDARD_LIBRARIES = YES;
				BUNDLE_LOADER = "$(TEST_HOST)";
				CODE_SIGN_STYLE = Automatic;
				DEVELOPMENT_TEAM = V7MFXMS9X3;
				INFOPLIST_FILE = "SwiftUI-MVVM-CombineTests/Info.plist";
				IPHONEOS_DEPLOYMENT_TARGET = 14.0;
				LD_RUNPATH_SEARCH_PATHS = (
					"$(inherited)",
					"@executable_path/Frameworks",
					"@loader_path/Frameworks",
				);
				PRODUCT_BUNDLE_IDENTIFIER = "com.tarkhan.SwiftUI-MVVM-CombineTests";
				PRODUCT_NAME = "$(TARGET_NAME)";
				SWIFT_VERSION = 5.0;
				TARGETED_DEVICE_FAMILY = "1,2";
				TEST_HOST = "$(BUILT_PRODUCTS_DIR)/SwiftUI-MVVM-Combine.app/SwiftUI-MVVM-Combine";
			};
			name = Debug;
		};
		7B3C294D26DBDDD80065971E /* Release */ = {
			isa = XCBuildConfiguration;
			buildSettings = {
				ALWAYS_EMBED_SWIFT_STANDARD_LIBRARIES = YES;
				BUNDLE_LOADER = "$(TEST_HOST)";
				CODE_SIGN_STYLE = Automatic;
				DEVELOPMENT_TEAM = V7MFXMS9X3;
				INFOPLIST_FILE = "SwiftUI-MVVM-CombineTests/Info.plist";
				IPHONEOS_DEPLOYMENT_TARGET = 14.0;
				LD_RUNPATH_SEARCH_PATHS = (
					"$(inherited)",
					"@executable_path/Frameworks",
					"@loader_path/Frameworks",
				);
				PRODUCT_BUNDLE_IDENTIFIER = "com.tarkhan.SwiftUI-MVVM-CombineTests";
				PRODUCT_NAME = "$(TARGET_NAME)";
				SWIFT_VERSION = 5.0;
				TARGETED_DEVICE_FAMILY = "1,2";
				TEST_HOST = "$(BUILT_PRODUCTS_DIR)/SwiftUI-MVVM-Combine.app/SwiftUI-MVVM-Combine";
			};
			name = Release;
		};
		7B3C294F26DBDDD80065971E /* Debug */ = {
			isa = XCBuildConfiguration;
			buildSettings = {
				ALWAYS_EMBED_SWIFT_STANDARD_LIBRARIES = YES;
				CODE_SIGN_STYLE = Automatic;
				DEVELOPMENT_TEAM = V7MFXMS9X3;
				INFOPLIST_FILE = "SwiftUI-MVVM-CombineUITests/Info.plist";
				LD_RUNPATH_SEARCH_PATHS = (
					"$(inherited)",
					"@executable_path/Frameworks",
					"@loader_path/Frameworks",
				);
				PRODUCT_BUNDLE_IDENTIFIER = "com.tarkhan.SwiftUI-MVVM-CombineUITests";
				PRODUCT_NAME = "$(TARGET_NAME)";
				SWIFT_VERSION = 5.0;
				TARGETED_DEVICE_FAMILY = "1,2";
				TEST_TARGET_NAME = "SwiftUI-MVVM-Combine";
			};
			name = Debug;
		};
		7B3C295026DBDDD80065971E /* Release */ = {
			isa = XCBuildConfiguration;
			buildSettings = {
				ALWAYS_EMBED_SWIFT_STANDARD_LIBRARIES = YES;
				CODE_SIGN_STYLE = Automatic;
				DEVELOPMENT_TEAM = V7MFXMS9X3;
				INFOPLIST_FILE = "SwiftUI-MVVM-CombineUITests/Info.plist";
				LD_RUNPATH_SEARCH_PATHS = (
					"$(inherited)",
					"@executable_path/Frameworks",
					"@loader_path/Frameworks",
				);
				PRODUCT_BUNDLE_IDENTIFIER = "com.tarkhan.SwiftUI-MVVM-CombineUITests";
				PRODUCT_NAME = "$(TARGET_NAME)";
				SWIFT_VERSION = 5.0;
				TARGETED_DEVICE_FAMILY = "1,2";
				TEST_TARGET_NAME = "SwiftUI-MVVM-Combine";
			};
			name = Release;
		};
/* End XCBuildConfiguration section */

/* Begin XCConfigurationList section */
		7B3C291E26DBDDD50065971E /* Build configuration list for PBXProject "SwiftUI-MVVM-Combine" */ = {
			isa = XCConfigurationList;
			buildConfigurations = (
				7B3C294626DBDDD80065971E /* Debug */,
				7B3C294726DBDDD80065971E /* Release */,
			);
			defaultConfigurationIsVisible = 0;
			defaultConfigurationName = Release;
		};
		7B3C294826DBDDD80065971E /* Build configuration list for PBXNativeTarget "SwiftUI-MVVM-Combine" */ = {
			isa = XCConfigurationList;
			buildConfigurations = (
				7B3C294926DBDDD80065971E /* Debug */,
				7B3C294A26DBDDD80065971E /* Release */,
			);
			defaultConfigurationIsVisible = 0;
			defaultConfigurationName = Release;
		};
		7B3C294B26DBDDD80065971E /* Build configuration list for PBXNativeTarget "SwiftUI-MVVM-CombineTests" */ = {
			isa = XCConfigurationList;
			buildConfigurations = (
				7B3C294C26DBDDD80065971E /* Debug */,
				7B3C294D26DBDDD80065971E /* Release */,
			);
			defaultConfigurationIsVisible = 0;
			defaultConfigurationName = Release;
		};
		7B3C294E26DBDDD80065971E /* Build configuration list for PBXNativeTarget "SwiftUI-MVVM-CombineUITests" */ = {
			isa = XCConfigurationList;
			buildConfigurations = (
				7B3C294F26DBDDD80065971E /* Debug */,
				7B3C295026DBDDD80065971E /* Release */,
			);
			defaultConfigurationIsVisible = 0;
			defaultConfigurationName = Release;
		};
/* End XCConfigurationList section */
	};
	rootObject = 7B3C291B26DBDDD50065971E /* Project object */;
}
